
Microsoft Visual Studio Solution File, Format Version 12.00
# Visual Studio Version 16
VisualStudioVersion = 16.0.30406.217
MinimumVisualStudioVersion = 10.0.40219.1
Project("{FAE04EC0-301F-11D3-BF4B-00C04F79EFBC}") = "FragLernMomentAbVideo110", "FragLernMomentAbVideo110.csproj", "{99024F5C-75CD-4F71-90D4-C3296E5C2AB2}"
EndProject
Global
	GlobalSection(SolutionConfigurationPlatforms) = preSolution
		Debug|Any CPU = Debug|Any CPU
		Release|Any CPU = Release|Any CPU
	EndGlobalSection
	GlobalSection(ProjectConfigurationPlatforms) = postSolution
		{99024F5C-75CD-4F71-90D4-C3296E5C2AB2}.Debug|Any CPU.ActiveCfg = Debug|Any CPU
		{99024F5C-75CD-4F71-90D4-C3296E5C2AB2}.Debug|Any CPU.Build.0 = Debug|Any CPU
		{99024F5C-75CD-4F71-90D4-C3296E5C2AB2}.Release|Any CPU.ActiveCfg = Release|Any CPU
		{99024F5C-75CD-4F71-90D4-C3296E5C2AB2}.Release|Any CPU.Build.0 = Release|Any CPU
	EndGlobalSection
	GlobalSection(SolutionProperties) = preSolution
		HideSolutionNode = FALSE
	EndGlobalSection
	GlobalSection(ExtensibilityGlobals) = postSolution
		SolutionGuid = {83DD06CA-FE0A-4B51-9A80-1FF339106B5D}
	EndGlobalSection
EndGlobal
